{
  "name": "Framework",
  "lockfileVersion": 2,
  "requires": true,
  "packages": {
    "": {
      "dependencies": {
        "jquery-custom-select": "^1.6.4"
      }
    },
    "node_modules/jquery": {
      "version": "3.6.0",
      "resolved": "https://registry.npmjs.org/jquery/-/jquery-3.6.0.tgz",
      "integrity": "sha512-JVzAR/AjBvVt2BmYhxRCSYysDsPcssdmTFnzyLEts9qNwmjmu4JTAMYubEfwVOSwpQ1I1sKKFcxhZCI2buerfw==",
      "peer": true
    },
    "node_modules/jquery-custom-select": {
      "version": "1.6.4",
      "resolved": "https://registry.npmjs.org/jquery-custom-select/-/jquery-custom-select-1.6.4.tgz",
      "integrity": "sha512-1oBPrzxOcMLedxo5XWa3zgX69nYms7YGSP2UVoeZNwzWE5TOe+kS98pz9Bk3pgYykow718g/+Azsn7bu6JjTUA==",
      "peerDependencies": {
        "jquery": ">=1.11.3"
      }
    }
  },
  "dependencies": {
    "jquery": {
      "version": "3.6.0",
      "resolved": "https://registry.npmjs.org/jquery/-/jquery-3.6.0.tgz",
      "integrity": "sha512-JVzAR/AjBvVt2BmYhxRCSYysDsPcssdmTFnzyLEts9qNwmjmu4JTAMYubEfwVOSwpQ1I1sKKFcxhZCI2buerfw==",
      "peer": true
    },
    "jquery-custom-select": {
      "version": "1.6.4",
      "resolved": "https://registry.npmjs.org/jquery-custom-select/-/jquery-custom-select-1.6.4.tgz",
      "integrity": "sha512-1oBPrzxOcMLedxo5XWa3zgX69nYms7YGSP2UVoeZNwzWE5TOe+kS98pz9Bk3pgYykow718g/+Azsn7bu6JjTUA==",
      "requires": {}
    }
  }
}
